PODS:
  - MoEngage-iOS-SDK (8.3.0)
  - MoEngageCards (3.3.0):
    - MoEngage-iOS-SDK (< 8.4.0, >= 8.3.0)
  - MoEngageGeofence (4.3.0):
    - MoEngage-iOS-SDK (< 8.4.0, >= 8.3.0)
  - MoEngageInApp (3.3.0):
    - MoEngage-iOS-SDK (< 8.4.0, >= 8.3.0)
  - MoEngageInbox (1.3.0):
    - MoEngage-iOS-SDK (< 8.4.0, >= 8.3.0)
    - MoEngageRichNotification (< 6.4.0, >= 6.3.0)
  - MoEngageRealTimeTrigger (1.3.0):
    - MoEngage-iOS-SDK (< 8.4.0, >= 8.3.0)
    - MoEngageRichNotification (< 6.4.0, >= 6.3.0)
  - MoEngageRichNotification (6.3.1):
    - MoEngage-iOS-SDK (< 8.4.0, >= 8.3.0)

DEPENDENCIES:
  - MoEngage-iOS-SDK
  - MoEngageCards
  - MoEngageGeofence
  - MoEngageInApp
  - MoEngageInbox
  - MoEngageRealTimeTrigger
  - MoEngageRichNotification

SPEC REPOS:
  trunk:
    - MoEngage-iOS-SDK
    - MoEngageCards
    - MoEngageGeofence
    - MoEngageInApp
    - MoEngageInbox
    - MoEngageRealTimeTrigger
    - MoEngageRichNotification

SPEC CHECKSUMS:
  MoEngage-iOS-SDK: 5f11b1e47d34243f90fe322611dee0d89960ad18
  MoEngageCards: f833c630021ccd91e3ed8a36632011340c80d48d
  MoEngageGeofence: 813cba233d6272e46405da7564215cbc667249f1
  MoEngageInApp: 77d7166cfc04ec6ceb3878794e78d2316645f718
  MoEngageInbox: cba4be6581ff2a3357fa3b4ef7322ee9acb192d6
  MoEngageRealTimeTrigger: c491af9490aff6d456ac2bc84d299518fef59c37
  MoEngageRichNotification: b8fa7d97b77f029ec0a56878973efcb09290d37d

PODFILE CHECKSUM: 7f777d66864c280bfdb7862ca4341a52e2d1b078

COCOAPODS: 1.11.3
