PODS:
  - MoEngage-iOS-SDK (9.1.0)
  - MoEngageCards (4.1.0):
    - MoEngage-iOS-SDK (< 9.2.0, >= 9.1.0)
  - MoEngageGeofence (5.1.0):
    - MoEngage-iOS-SDK (< 9.2.0, >= 9.1.0)
  - MoEngageInApp (4.1.0):
    - MoEngage-iOS-SDK (< 9.2.0, >= 9.1.0)
  - MoEngageInbox (2.1.0):
    - MoEngage-iOS-SDK (< 9.2.0, >= 9.1.0)
    - MoEngageRichNotification (< 7.2.0, >= 7.1.0)
  - MoEngageRealTimeTrigger (2.1.0):
    - MoEngage-iOS-SDK (< 9.2.0, >= 9.1.0)
    - MoEngageRichNotification (< 7.2.0, >= 7.1.0)
  - MoEngageRichNotification (7.1.0):
    - MoEngage-iOS-SDK (< 9.2.0, >= 9.1.0)

DEPENDENCIES:
  - MoEngage-iOS-SDK
  - MoEngageCards
  - MoEngageGeofence
  - MoEngageInApp
  - MoEngageInbox
  - MoEngageRealTimeTrigger
  - MoEngageRichNotification

SPEC REPOS:
  trunk:
    - MoEngage-iOS-SDK
    - MoEngageCards
    - MoEngageGeofence
    - MoEngageInApp
    - MoEngageInbox
    - MoEngageRealTimeTrigger
    - MoEngageRichNotification

SPEC CHECKSUMS:
  MoEngage-iOS-SDK: 753fc30ecc1aea4fd966052c441b742a3eb29104
  MoEngageCards: 6b78715fbc7210f5bd365431e17e52efa919e5fa
  MoEngageGeofence: 3ea4238d724ddc377c6014bd38d21aba0525d002
  MoEngageInApp: 39c9951bb99592eeeb4b523cdc9644ee8710ad88
  MoEngageInbox: a3612a45989ac68cba868febac2931b13962019f
  MoEngageRealTimeTrigger: fcf309f1682c5352611e124c68320cb654a75012
  MoEngageRichNotification: e5791bc3b0d9bcf0b215d31fd93cb71111220e70

PODFILE CHECKSUM: 826f9c5a9d1661006509841dbb227c7f21d4c3e9

COCOAPODS: 1.11.3
